
Microsoft Visual Studio Solution File, Format Version 12.00
# Visual Studio 2012
Project("{FAE04EC0-301F-11D3-BF4B-00C04F79EFBC}") = "AmpIdent", "AmpIdent\AmpIdent.csproj", "{EFC6EB2A-4944-4091-B179-C81BA4F5286E}"
EndProject
Project("{F088123C-0E9E-452A-89E6-6BA2F21D5CAC}") = "Diagrams", "UseCase\Diagrams.modelproj", "{FA20D1EE-EFC6-439F-A1E4-4472E84BD094}"
EndProject
Global
	GlobalSection(SolutionConfigurationPlatforms) = preSolution
		Debug|Any CPU = Debug|Any CPU
		Release|Any CPU = Release|Any CPU
	EndGlobalSection
	GlobalSection(ProjectConfigurationPlatforms) = postSolution
		{EFC6EB2A-4944-4091-B179-C81BA4F5286E}.Debug|Any CPU.ActiveCfg = Debug|Any CPU
		{EFC6EB2A-4944-4091-B179-C81BA4F5286E}.Debug|Any CPU.Build.0 = Debug|Any CPU
		{EFC6EB2A-4944-4091-B179-C81BA4F5286E}.Release|Any CPU.ActiveCfg = Release|Any CPU
		{EFC6EB2A-4944-4091-B179-C81BA4F5286E}.Release|Any CPU.Build.0 = Release|Any CPU
		{FA20D1EE-EFC6-439F-A1E4-4472E84BD094}.Debug|Any CPU.ActiveCfg = Debug|Any CPU
		{FA20D1EE-EFC6-439F-A1E4-4472E84BD094}.Debug|Any CPU.Build.0 = Debug|Any CPU
		{FA20D1EE-EFC6-439F-A1E4-4472E84BD094}.Release|Any CPU.ActiveCfg = Release|Any CPU
		{FA20D1EE-EFC6-439F-A1E4-4472E84BD094}.Release|Any CPU.Build.0 = Release|Any CPU
	EndGlobalSection
	GlobalSection(SolutionProperties) = preSolution
		HideSolutionNode = FALSE
	EndGlobalSection
EndGlobal
